
Microsoft Visual Studio Solution File, Format Version 12.00
# Visual Studio Version 17
VisualStudioVersion = 17.10.35013.160
MinimumVisualStudioVersion = 10.0.40219.1
Project("{9A19103F-16F7-4668-BE54-9A1E7A4F7556}") = "CrudDapper", "CrudDapper.csproj", "{26C1AC9B-DEF9-462C-93C7-1274580E0FCD}"
EndProject
Global
	GlobalSection(SolutionConfigurationPlatforms) = preSolution
		Debug|Any CPU = Debug|Any CPU
		Release|Any CPU = Release|Any CPU
	EndGlobalSection
	GlobalSection(ProjectConfigurationPlatforms) = postSolution
		{26C1AC9B-DEF9-462C-93C7-1274580E0FCD}.Debug|Any CPU.ActiveCfg = Debug|Any CPU
		{26C1AC9B-DEF9-462C-93C7-1274580E0FCD}.Debug|Any CPU.Build.0 = Debug|Any CPU
		{26C1AC9B-DEF9-462C-93C7-1274580E0FCD}.Release|Any CPU.ActiveCfg = Release|Any CPU
		{26C1AC9B-DEF9-462C-93C7-1274580E0FCD}.Release|Any CPU.Build.0 = Release|Any CPU
	EndGlobalSection
	GlobalSection(SolutionProperties) = preSolution
		HideSolutionNode = FALSE
	EndGlobalSection
	GlobalSection(ExtensibilityGlobals) = postSolution
		SolutionGuid = {96C329AD-E491-419E-BD6C-D1150B3A96AF}
	EndGlobalSection
EndGlobal
